
Microsoft Visual Studio Solution File, Format Version 12.00
# Visual Studio 15
VisualStudioVersion = 15.0.28307.572
MinimumVisualStudioVersion = 10.0.40219.1
Project("{FAE04EC0-301F-11D3-BF4B-00C04F79EFBC}") = "ExcelTool", "ExcelTool\ExcelTool.csproj", "{12E27A1F-394B-4475-A8D6-CDA9D76D1BCE}"
EndProject
Global
	GlobalSection(SolutionConfigurationPlatforms) = preSolution
		Debug|Any CPU = Debug|Any CPU
		Release|Any CPU = Release|Any CPU
	EndGlobalSection
	GlobalSection(ProjectConfigurationPlatforms) = postSolution
		{12E27A1F-394B-4475-A8D6-CDA9D76D1BCE}.Debug|Any CPU.ActiveCfg = Debug|Any CPU
		{12E27A1F-394B-4475-A8D6-CDA9D76D1BCE}.Debug|Any CPU.Build.0 = Debug|Any CPU
		{12E27A1F-394B-4475-A8D6-CDA9D76D1BCE}.Release|Any CPU.ActiveCfg = Release|Any CPU
		{12E27A1F-394B-4475-A8D6-CDA9D76D1BCE}.Release|Any CPU.Build.0 = Release|Any CPU
	EndGlobalSection
	GlobalSection(SolutionProperties) = preSolution
		HideSolutionNode = FALSE
	EndGlobalSection
	GlobalSection(ExtensibilityGlobals) = postSolution
		SolutionGuid = {33DEC4FF-9737-4759-9A90-94023B44D985}
	EndGlobalSection
EndGlobal
